
Microsoft Visual Studio Solution File, Format Version 12.00
# Visual Studio Version 17
VisualStudioVersion = 17.4.33213.308
MinimumVisualStudioVersion = 10.0.40219.1
Project("{FAE04EC0-301F-11D3-BF4B-00C04F79EFBC}") = "opdracht 20", "opdracht 20.csproj", "{BFF009FA-97A0-47D5-9C39-1391CB0A0B2A}"
EndProject
Global
	GlobalSection(SolutionConfigurationPlatforms) = preSolution
		Debug|Any CPU = Debug|Any CPU
		Release|Any CPU = Release|Any CPU
	EndGlobalSection
	GlobalSection(ProjectConfigurationPlatforms) = postSolution
		{BFF009FA-97A0-47D5-9C39-1391CB0A0B2A}.Debug|Any CPU.ActiveCfg = Debug|Any CPU
		{BFF009FA-97A0-47D5-9C39-1391CB0A0B2A}.Debug|Any CPU.Build.0 = Debug|Any CPU
		{BFF009FA-97A0-47D5-9C39-1391CB0A0B2A}.Release|Any CPU.ActiveCfg = Release|Any CPU
		{BFF009FA-97A0-47D5-9C39-1391CB0A0B2A}.Release|Any CPU.Build.0 = Release|Any CPU
	EndGlobalSection
	GlobalSection(SolutionProperties) = preSolution
		HideSolutionNode = FALSE
	EndGlobalSection
	GlobalSection(ExtensibilityGlobals) = postSolution
		SolutionGuid = {911FF872-CCBA-42AC-9DA5-1740BFCE50ED}
	EndGlobalSection
EndGlobal
