
Microsoft Visual Studio Solution File, Format Version 12.00
# Visual Studio Version 17
VisualStudioVersion = 17.4.33213.308
MinimumVisualStudioVersion = 10.0.40219.1
Project("{FAE04EC0-301F-11D3-BF4B-00C04F79EFBC}") = "opdracht 25", "opdracht 25.csproj", "{6047FAF4-9667-4925-BDCE-85187059EDF8}"
EndProject
Global
	GlobalSection(SolutionConfigurationPlatforms) = preSolution
		Debug|Any CPU = Debug|Any CPU
		Release|Any CPU = Release|Any CPU
	EndGlobalSection
	GlobalSection(ProjectConfigurationPlatforms) = postSolution
		{6047FAF4-9667-4925-BDCE-85187059EDF8}.Debug|Any CPU.ActiveCfg = Debug|Any CPU
		{6047FAF4-9667-4925-BDCE-85187059EDF8}.Debug|Any CPU.Build.0 = Debug|Any CPU
		{6047FAF4-9667-4925-BDCE-85187059EDF8}.Release|Any CPU.ActiveCfg = Release|Any CPU
		{6047FAF4-9667-4925-BDCE-85187059EDF8}.Release|Any CPU.Build.0 = Release|Any CPU
	EndGlobalSection
	GlobalSection(SolutionProperties) = preSolution
		HideSolutionNode = FALSE
	EndGlobalSection
	GlobalSection(ExtensibilityGlobals) = postSolution
		SolutionGuid = {260AA411-2885-45AD-B2C6-F772D9DBB2D4}
	EndGlobalSection
EndGlobal
