
Microsoft Visual Studio Solution File, Format Version 12.00
# Visual Studio Version 17
VisualStudioVersion = 17.4.33213.308
MinimumVisualStudioVersion = 10.0.40219.1
Project("{FAE04EC0-301F-11D3-BF4B-00C04F79EFBC}") = "moterrijbewijs", "moterrijbewijs.csproj", "{91132FAB-7ED2-43EC-B27F-C08CE93279AB}"
EndProject
Global
	GlobalSection(SolutionConfigurationPlatforms) = preSolution
		Debug|Any CPU = Debug|Any CPU
		Release|Any CPU = Release|Any CPU
	EndGlobalSection
	GlobalSection(ProjectConfigurationPlatforms) = postSolution
		{91132FAB-7ED2-43EC-B27F-C08CE93279AB}.Debug|Any CPU.ActiveCfg = Debug|Any CPU
		{91132FAB-7ED2-43EC-B27F-C08CE93279AB}.Debug|Any CPU.Build.0 = Debug|Any CPU
		{91132FAB-7ED2-43EC-B27F-C08CE93279AB}.Release|Any CPU.ActiveCfg = Release|Any CPU
		{91132FAB-7ED2-43EC-B27F-C08CE93279AB}.Release|Any CPU.Build.0 = Release|Any CPU
	EndGlobalSection
	GlobalSection(SolutionProperties) = preSolution
		HideSolutionNode = FALSE
	EndGlobalSection
	GlobalSection(ExtensibilityGlobals) = postSolution
		SolutionGuid = {E0914AF9-365A-46B6-A29D-53751D6ECF8A}
	EndGlobalSection
EndGlobal
