
Microsoft Visual Studio Solution File, Format Version 12.00
# Visual Studio Version 17
VisualStudioVersion = 17.4.33213.308
MinimumVisualStudioVersion = 10.0.40219.1
Project("{FAE04EC0-301F-11D3-BF4B-00C04F79EFBC}") = "array", "array.csproj", "{577A2B0A-F198-42BE-9FEE-500A4049E97A}"
EndProject
Global
	GlobalSection(SolutionConfigurationPlatforms) = preSolution
		Debug|Any CPU = Debug|Any CPU
		Release|Any CPU = Release|Any CPU
	EndGlobalSection
	GlobalSection(ProjectConfigurationPlatforms) = postSolution
		{577A2B0A-F198-42BE-9FEE-500A4049E97A}.Debug|Any CPU.ActiveCfg = Debug|Any CPU
		{577A2B0A-F198-42BE-9FEE-500A4049E97A}.Debug|Any CPU.Build.0 = Debug|Any CPU
		{577A2B0A-F198-42BE-9FEE-500A4049E97A}.Release|Any CPU.ActiveCfg = Release|Any CPU
		{577A2B0A-F198-42BE-9FEE-500A4049E97A}.Release|Any CPU.Build.0 = Release|Any CPU
	EndGlobalSection
	GlobalSection(SolutionProperties) = preSolution
		HideSolutionNode = FALSE
	EndGlobalSection
	GlobalSection(ExtensibilityGlobals) = postSolution
		SolutionGuid = {5EE4B4A5-56C1-4C21-99F0-848445B0931E}
	EndGlobalSection
EndGlobal
