
Microsoft Visual Studio Solution File, Format Version 12.00
# Visual Studio Version 17
VisualStudioVersion = 17.4.33213.308
MinimumVisualStudioVersion = 10.0.40219.1
Project("{FAE04EC0-301F-11D3-BF4B-00C04F79EFBC}") = "reisbeleid", "reisbeleid.csproj", "{666C41CD-EFD6-4006-8C0B-06A315636FFD}"
EndProject
Global
	GlobalSection(SolutionConfigurationPlatforms) = preSolution
		Debug|Any CPU = Debug|Any CPU
		Release|Any CPU = Release|Any CPU
	EndGlobalSection
	GlobalSection(ProjectConfigurationPlatforms) = postSolution
		{666C41CD-EFD6-4006-8C0B-06A315636FFD}.Debug|Any CPU.ActiveCfg = Debug|Any CPU
		{666C41CD-EFD6-4006-8C0B-06A315636FFD}.Debug|Any CPU.Build.0 = Debug|Any CPU
		{666C41CD-EFD6-4006-8C0B-06A315636FFD}.Release|Any CPU.ActiveCfg = Release|Any CPU
		{666C41CD-EFD6-4006-8C0B-06A315636FFD}.Release|Any CPU.Build.0 = Release|Any CPU
	EndGlobalSection
	GlobalSection(SolutionProperties) = preSolution
		HideSolutionNode = FALSE
	EndGlobalSection
	GlobalSection(ExtensibilityGlobals) = postSolution
		SolutionGuid = {A3F7BEF5-E60E-4C16-BA5D-BA47227FEEDD}
	EndGlobalSection
EndGlobal
