
Microsoft Visual Studio Solution File, Format Version 12.00
# Visual Studio Version 17
VisualStudioVersion = 17.4.33213.308
MinimumVisualStudioVersion = 10.0.40219.1
Project("{FAE04EC0-301F-11D3-BF4B-00C04F79EFBC}") = "getallen loop", "getallen loop.csproj", "{EAD11AE4-8B5D-4C61-84D0-151F63A2F547}"
EndProject
Global
	GlobalSection(SolutionConfigurationPlatforms) = preSolution
		Debug|Any CPU = Debug|Any CPU
		Release|Any CPU = Release|Any CPU
	EndGlobalSection
	GlobalSection(ProjectConfigurationPlatforms) = postSolution
		{EAD11AE4-8B5D-4C61-84D0-151F63A2F547}.Debug|Any CPU.ActiveCfg = Debug|Any CPU
		{EAD11AE4-8B5D-4C61-84D0-151F63A2F547}.Debug|Any CPU.Build.0 = Debug|Any CPU
		{EAD11AE4-8B5D-4C61-84D0-151F63A2F547}.Release|Any CPU.ActiveCfg = Release|Any CPU
		{EAD11AE4-8B5D-4C61-84D0-151F63A2F547}.Release|Any CPU.Build.0 = Release|Any CPU
	EndGlobalSection
	GlobalSection(SolutionProperties) = preSolution
		HideSolutionNode = FALSE
	EndGlobalSection
	GlobalSection(ExtensibilityGlobals) = postSolution
		SolutionGuid = {7DF05B0B-5B20-4DA0-8CBF-8AA615AE8ADB}
	EndGlobalSection
EndGlobal
