
Microsoft Visual Studio Solution File, Format Version 12.00
# Visual Studio Version 17
VisualStudioVersion = 17.4.33213.308
MinimumVisualStudioVersion = 10.0.40219.1
Project("{FAE04EC0-301F-11D3-BF4B-00C04F79EFBC}") = "maandenswitch", "maandenswitch.csproj", "{6F7BD35C-B333-4782-9A20-9C4777880518}"
EndProject
Global
	GlobalSection(SolutionConfigurationPlatforms) = preSolution
		Debug|Any CPU = Debug|Any CPU
		Release|Any CPU = Release|Any CPU
	EndGlobalSection
	GlobalSection(ProjectConfigurationPlatforms) = postSolution
		{6F7BD35C-B333-4782-9A20-9C4777880518}.Debug|Any CPU.ActiveCfg = Debug|Any CPU
		{6F7BD35C-B333-4782-9A20-9C4777880518}.Debug|Any CPU.Build.0 = Debug|Any CPU
		{6F7BD35C-B333-4782-9A20-9C4777880518}.Release|Any CPU.ActiveCfg = Release|Any CPU
		{6F7BD35C-B333-4782-9A20-9C4777880518}.Release|Any CPU.Build.0 = Release|Any CPU
	EndGlobalSection
	GlobalSection(SolutionProperties) = preSolution
		HideSolutionNode = FALSE
	EndGlobalSection
	GlobalSection(ExtensibilityGlobals) = postSolution
		SolutionGuid = {49ED92F1-097E-4E79-AA3A-DAF19D23F454}
	EndGlobalSection
EndGlobal
