
Microsoft Visual Studio Solution File, Format Version 12.00
# Visual Studio Version 17
VisualStudioVersion = 17.4.33213.308
MinimumVisualStudioVersion = 10.0.40219.1
Project("{FAE04EC0-301F-11D3-BF4B-00C04F79EFBC}") = "opdaracht 9", "opdaracht 9.csproj", "{36CE9CF4-7BCC-4BFB-9485-E10BDD7F2754}"
EndProject
Global
	GlobalSection(SolutionConfigurationPlatforms) = preSolution
		Debug|Any CPU = Debug|Any CPU
		Release|Any CPU = Release|Any CPU
	EndGlobalSection
	GlobalSection(ProjectConfigurationPlatforms) = postSolution
		{36CE9CF4-7BCC-4BFB-9485-E10BDD7F2754}.Debug|Any CPU.ActiveCfg = Debug|Any CPU
		{36CE9CF4-7BCC-4BFB-9485-E10BDD7F2754}.Debug|Any CPU.Build.0 = Debug|Any CPU
		{36CE9CF4-7BCC-4BFB-9485-E10BDD7F2754}.Release|Any CPU.ActiveCfg = Release|Any CPU
		{36CE9CF4-7BCC-4BFB-9485-E10BDD7F2754}.Release|Any CPU.Build.0 = Release|Any CPU
	EndGlobalSection
	GlobalSection(SolutionProperties) = preSolution
		HideSolutionNode = FALSE
	EndGlobalSection
	GlobalSection(ExtensibilityGlobals) = postSolution
		SolutionGuid = {0C05409B-310E-4767-A0CF-C246CB31FAE3}
	EndGlobalSection
EndGlobal
