
Microsoft Visual Studio Solution File, Format Version 12.00
# Visual Studio Version 17
VisualStudioVersion = 17.4.33213.308
MinimumVisualStudioVersion = 10.0.40219.1
Project("{FAE04EC0-301F-11D3-BF4B-00C04F79EFBC}") = "opdracht 18", "opdracht 18.csproj", "{84BF67F5-B440-414D-A8C9-B197A36D1679}"
EndProject
Global
	GlobalSection(SolutionConfigurationPlatforms) = preSolution
		Debug|Any CPU = Debug|Any CPU
		Release|Any CPU = Release|Any CPU
	EndGlobalSection
	GlobalSection(ProjectConfigurationPlatforms) = postSolution
		{84BF67F5-B440-414D-A8C9-B197A36D1679}.Debug|Any CPU.ActiveCfg = Debug|Any CPU
		{84BF67F5-B440-414D-A8C9-B197A36D1679}.Debug|Any CPU.Build.0 = Debug|Any CPU
		{84BF67F5-B440-414D-A8C9-B197A36D1679}.Release|Any CPU.ActiveCfg = Release|Any CPU
		{84BF67F5-B440-414D-A8C9-B197A36D1679}.Release|Any CPU.Build.0 = Release|Any CPU
	EndGlobalSection
	GlobalSection(SolutionProperties) = preSolution
		HideSolutionNode = FALSE
	EndGlobalSection
	GlobalSection(ExtensibilityGlobals) = postSolution
		SolutionGuid = {4D211EB6-2F9A-4EC1-900E-746ACC5AC8E8}
	EndGlobalSection
EndGlobal
