
Microsoft Visual Studio Solution File, Format Version 12.00
# Visual Studio Version 17
VisualStudioVersion = 17.4.33213.308
MinimumVisualStudioVersion = 10.0.40219.1
Project("{FAE04EC0-301F-11D3-BF4B-00C04F79EFBC}") = "geheimschrijver", "geheimschrijver.csproj", "{923BA8E7-E0C1-4CD4-9A3B-1451E7A7A027}"
EndProject
Global
	GlobalSection(SolutionConfigurationPlatforms) = preSolution
		Debug|Any CPU = Debug|Any CPU
		Release|Any CPU = Release|Any CPU
	EndGlobalSection
	GlobalSection(ProjectConfigurationPlatforms) = postSolution
		{923BA8E7-E0C1-4CD4-9A3B-1451E7A7A027}.Debug|Any CPU.ActiveCfg = Debug|Any CPU
		{923BA8E7-E0C1-4CD4-9A3B-1451E7A7A027}.Debug|Any CPU.Build.0 = Debug|Any CPU
		{923BA8E7-E0C1-4CD4-9A3B-1451E7A7A027}.Release|Any CPU.ActiveCfg = Release|Any CPU
		{923BA8E7-E0C1-4CD4-9A3B-1451E7A7A027}.Release|Any CPU.Build.0 = Release|Any CPU
	EndGlobalSection
	GlobalSection(SolutionProperties) = preSolution
		HideSolutionNode = FALSE
	EndGlobalSection
	GlobalSection(ExtensibilityGlobals) = postSolution
		SolutionGuid = {D7707777-B49D-4206-8874-5696D9E2D311}
	EndGlobalSection
EndGlobal
