
Microsoft Visual Studio Solution File, Format Version 12.00
# Visual Studio Version 17
VisualStudioVersion = 17.4.33213.308
MinimumVisualStudioVersion = 10.0.40219.1
Project("{FAE04EC0-301F-11D3-BF4B-00C04F79EFBC}") = "opdracht 23", "opdracht 23.csproj", "{76B82357-6791-4558-A6B3-0A815436AF39}"
EndProject
Global
	GlobalSection(SolutionConfigurationPlatforms) = preSolution
		Debug|Any CPU = Debug|Any CPU
		Release|Any CPU = Release|Any CPU
	EndGlobalSection
	GlobalSection(ProjectConfigurationPlatforms) = postSolution
		{76B82357-6791-4558-A6B3-0A815436AF39}.Debug|Any CPU.ActiveCfg = Debug|Any CPU
		{76B82357-6791-4558-A6B3-0A815436AF39}.Debug|Any CPU.Build.0 = Debug|Any CPU
		{76B82357-6791-4558-A6B3-0A815436AF39}.Release|Any CPU.ActiveCfg = Release|Any CPU
		{76B82357-6791-4558-A6B3-0A815436AF39}.Release|Any CPU.Build.0 = Release|Any CPU
	EndGlobalSection
	GlobalSection(SolutionProperties) = preSolution
		HideSolutionNode = FALSE
	EndGlobalSection
	GlobalSection(ExtensibilityGlobals) = postSolution
		SolutionGuid = {674D6A9E-990F-4C28-8E01-0486762A0AB5}
	EndGlobalSection
EndGlobal
