
Microsoft Visual Studio Solution File, Format Version 12.00
# Visual Studio Version 17
VisualStudioVersion = 17.4.33213.308
MinimumVisualStudioVersion = 10.0.40219.1
Project("{FAE04EC0-301F-11D3-BF4B-00C04F79EFBC}") = "faculteit", "faculteit.csproj", "{B4FE7DF8-513D-486C-9E94-5ABFA1689474}"
EndProject
Global
	GlobalSection(SolutionConfigurationPlatforms) = preSolution
		Debug|Any CPU = Debug|Any CPU
		Release|Any CPU = Release|Any CPU
	EndGlobalSection
	GlobalSection(ProjectConfigurationPlatforms) = postSolution
		{B4FE7DF8-513D-486C-9E94-5ABFA1689474}.Debug|Any CPU.ActiveCfg = Debug|Any CPU
		{B4FE7DF8-513D-486C-9E94-5ABFA1689474}.Debug|Any CPU.Build.0 = Debug|Any CPU
		{B4FE7DF8-513D-486C-9E94-5ABFA1689474}.Release|Any CPU.ActiveCfg = Release|Any CPU
		{B4FE7DF8-513D-486C-9E94-5ABFA1689474}.Release|Any CPU.Build.0 = Release|Any CPU
	EndGlobalSection
	GlobalSection(SolutionProperties) = preSolution
		HideSolutionNode = FALSE
	EndGlobalSection
	GlobalSection(ExtensibilityGlobals) = postSolution
		SolutionGuid = {6AEDFD44-89E7-48AD-A936-423E019CCF1A}
	EndGlobalSection
EndGlobal
