
Microsoft Visual Studio Solution File, Format Version 12.00
# Visual Studio Version 17
VisualStudioVersion = 17.4.33213.308
MinimumVisualStudioVersion = 10.0.40219.1
Project("{FAE04EC0-301F-11D3-BF4B-00C04F79EFBC}") = "maandnamen", "maandnamen.csproj", "{B96F1C20-DA62-4CF4-8DB7-1A2451A02AD3}"
EndProject
Global
	GlobalSection(SolutionConfigurationPlatforms) = preSolution
		Debug|Any CPU = Debug|Any CPU
		Release|Any CPU = Release|Any CPU
	EndGlobalSection
	GlobalSection(ProjectConfigurationPlatforms) = postSolution
		{B96F1C20-DA62-4CF4-8DB7-1A2451A02AD3}.Debug|Any CPU.ActiveCfg = Debug|Any CPU
		{B96F1C20-DA62-4CF4-8DB7-1A2451A02AD3}.Debug|Any CPU.Build.0 = Debug|Any CPU
		{B96F1C20-DA62-4CF4-8DB7-1A2451A02AD3}.Release|Any CPU.ActiveCfg = Release|Any CPU
		{B96F1C20-DA62-4CF4-8DB7-1A2451A02AD3}.Release|Any CPU.Build.0 = Release|Any CPU
	EndGlobalSection
	GlobalSection(SolutionProperties) = preSolution
		HideSolutionNode = FALSE
	EndGlobalSection
	GlobalSection(ExtensibilityGlobals) = postSolution
		SolutionGuid = {BCFB3553-D5AB-4978-92AA-44C29DAECCF5}
	EndGlobalSection
EndGlobal
